
Microsoft Visual Studio Solution File, Format Version 12.00
# Visual Studio Version 16
VisualStudioVersion = 16.0.31205.134
MinimumVisualStudioVersion = 10.0.40219.1
Project("{9A19103F-16F7-4668-BE54-9A1E7A4F7556}") = "ia-explorer", "ia-explorer\ia-explorer.csproj", "{EB384643-8F90-410D-B440-F5904BAF0E5C}"
EndProject
Global
	GlobalSection(SolutionConfigurationPlatforms) = preSolution
		Debug|Any CPU = Debug|Any CPU
		Release|Any CPU = Release|Any CPU
	EndGlobalSection
	GlobalSection(ProjectConfigurationPlatforms) = postSolution
		{EB384643-8F90-410D-B440-F5904BAF0E5C}.Debug|Any CPU.ActiveCfg = Debug|Any CPU
		{EB384643-8F90-410D-B440-F5904BAF0E5C}.Debug|Any CPU.Build.0 = Debug|Any CPU
		{EB384643-8F90-410D-B440-F5904BAF0E5C}.Release|Any CPU.ActiveCfg = Release|Any CPU
		{EB384643-8F90-410D-B440-F5904BAF0E5C}.Release|Any CPU.Build.0 = Release|Any CPU
	EndGlobalSection
	GlobalSection(SolutionProperties) = preSolution
		HideSolutionNode = FALSE
	EndGlobalSection
	GlobalSection(ExtensibilityGlobals) = postSolution
		SolutionGuid = {02CC4690-7A67-4918-B315-27725ED574D9}
	EndGlobalSection
EndGlobal
